
Microsoft Visual Studio Solution File, Format Version 12.00
# Visual Studio 14
VisualStudioVersion = 14.0.25420.1
MinimumVisualStudioVersion = 10.0.40219.1
Project("{2150E333-8FDC-42A3-9474-1A3956D46DE8}") = "src", "src", "{DDF5FBC2-0469-407B-AB23-C39EFADA9A56}"
EndProject
Project("{2150E333-8FDC-42A3-9474-1A3956D46DE8}") = "Solution Items", "Solution Items", "{DD0FBB07-6C7F-4D73-BA6F-8B2FA3F913F2}"
	ProjectSection(SolutionItems) = preProject
		.gitignore = .gitignore
		global.json = global.json
	EndProjectSection
EndProject
Project("{8BB2217D-0F2D-49D1-97BC-3654ED321F3B}") = "TheWorld", "src\TheWorld\TheWorld.xproj", "{E40D619D-014E-4305-84D6-FAE7982FD872}"
EndProject
Global
	GlobalSection(SolutionConfigurationPlatforms) = preSolution
		Debug|Any CPU = Debug|Any CPU
		Release|Any CPU = Release|Any CPU
	EndGlobalSection
	GlobalSection(ProjectConfigurationPlatforms) = postSolution
		{E40D619D-014E-4305-84D6-FAE7982FD872}.Debug|Any CPU.ActiveCfg = Debug|Any CPU
		{E40D619D-014E-4305-84D6-FAE7982FD872}.Debug|Any CPU.Build.0 = Debug|Any CPU
		{E40D619D-014E-4305-84D6-FAE7982FD872}.Release|Any CPU.ActiveCfg = Release|Any CPU
		{E40D619D-014E-4305-84D6-FAE7982FD872}.Release|Any CPU.Build.0 = Release|Any CPU
	EndGlobalSection
	GlobalSection(SolutionProperties) = preSolution
		HideSolutionNode = FALSE
	EndGlobalSection
	GlobalSection(NestedProjects) = preSolution
		{E40D619D-014E-4305-84D6-FAE7982FD872} = {DDF5FBC2-0469-407B-AB23-C39EFADA9A56}
	EndGlobalSection
EndGlobal
